// !$*UTF8*$!
{
	archiveVersion = 1;
	classes = {
	};
	objectVersion = 50;
	objects = {

/* Begin PBXBuildFile section */
		BD0B9A5F24A640AE001EF636 /* TranslateService.swift in Sources */ = {isa = PBXBuildFile; fileRef = BD0B9A5E24A640AE001EF636 /* TranslateService.swift */; };
		BD0DB6D024991DF200AFE491 /* WeatherService.swift in Sources */ = {isa = PBXBuildFile; fileRef = BD0DB6CF24991DF200AFE491 /* WeatherService.swift */; };
		BD0DB6D2249A04F300AFE491 /* WeatherJSON.swift in Sources */ = {isa = PBXBuildFile; fileRef = BD0DB6D1249A04F300AFE491 /* WeatherJSON.swift */; };
		BD0DB6D6249BB83600AFE491 /* ApiKey.swift in Sources */ = {isa = PBXBuildFile; fileRef = BD0DB6D5249BB83600AFE491 /* ApiKey.swift */; };
		BD3388BE24DAA3420068FF40 /* Readme.md in Resources */ = {isa = PBXBuildFile; fileRef = BD3388BD24DAA3420068FF40 /* Readme.md */; };
		BD36467924C9A883006C3E97 /* City.swift in Sources */ = {isa = PBXBuildFile; fileRef = BD36467824C9A883006C3E97 /* City.swift */; };
		BD5533AA24A9ED2700D2BACD /* ExchangeJSON.swift in Sources */ = {isa = PBXBuildFile; fileRef = BD5533A924A9ED2700D2BACD /* ExchangeJSON.swift */; };
		BD56917924A0B53500898699 /* UIViewExtension.swift in Sources */ = {isa = PBXBuildFile; fileRef = BD56917824A0B53500898699 /* UIViewExtension.swift */; };
		BD56917B24A0B9EE00898699 /* Constantes.swift in Sources */ = {isa = PBXBuildFile; fileRef = BD56917A24A0B9EE00898699 /* Constantes.swift */; };
		BD56917D24A213F300898699 /* CityListViewController.swift in Sources */ = {isa = PBXBuildFile; fileRef = BD56917C24A213F200898699 /* CityListViewController.swift */; };
		BD56918124A34D9500898699 /* city.list.json in Resources */ = {isa = PBXBuildFile; fileRef = BD56918024A34D9400898699 /* city.list.json */; };
		BD5992B023990A4E00AF11CC /* AppDelegate.swift in Sources */ = {isa = PBXBuildFile; fileRef = BD5992AF23990A4E00AF11CC /* AppDelegate.swift */; };
		BD5992B223990A4E00AF11CC /* SceneDelegate.swift in Sources */ = {isa = PBXBuildFile; fileRef = BD5992B123990A4E00AF11CC /* SceneDelegate.swift */; };
		BD5992B723990A4E00AF11CC /* Main.storyboard in Resources */ = {isa = PBXBuildFile; fileRef = BD5992B523990A4E00AF11CC /* Main.storyboard */; };
		BD5992B923990A5100AF11CC /* Assets.xcassets in Resources */ = {isa = PBXBuildFile; fileRef = BD5992B823990A5100AF11CC /* Assets.xcassets */; };
		BD5992BC23990A5100AF11CC /* LaunchScreen.storyboard in Resources */ = {isa = PBXBuildFile; fileRef = BD5992BA23990A5100AF11CC /* LaunchScreen.storyboard */; };
		BD5992D72399148300AF11CC /* Exchange.storyboard in Resources */ = {isa = PBXBuildFile; fileRef = BD5992D52399148300AF11CC /* Exchange.storyboard */; };
		BD5992D9239914A500AF11CC /* Translate.storyboard in Resources */ = {isa = PBXBuildFile; fileRef = BD5992D8239914A500AF11CC /* Translate.storyboard */; };
		BD5992DC239914B800AF11CC /* Weather.storyboard in Resources */ = {isa = PBXBuildFile; fileRef = BD5992DA239914B800AF11CC /* Weather.storyboard */; };
		BD937D2424AB45100016AC8B /* Alert.swift in Sources */ = {isa = PBXBuildFile; fileRef = BD937D2324AB450F0016AC8B /* Alert.swift */; };
		BD937D2824AB4B050016AC8B /* MessageError.swift in Sources */ = {isa = PBXBuildFile; fileRef = BD937D2724AB4B050016AC8B /* MessageError.swift */; };
		BD937D2A24AB4F560016AC8B /* TextFieldExtension.swift in Sources */ = {isa = PBXBuildFile; fileRef = BD937D2924AB4F560016AC8B /* TextFieldExtension.swift */; };
		BD937D2C24AB94C90016AC8B /* TextViewExtension.swift in Sources */ = {isa = PBXBuildFile; fileRef = BD937D2B24AB94C90016AC8B /* TextViewExtension.swift */; };
		BDA6E95B24C6E51600285E4D /* Exchange.json in Resources */ = {isa = PBXBuildFile; fileRef = BDA6E95A24C6E51600285E4D /* Exchange.json */; };
		BDA6E95D24C6E63E00285E4D /* Translate.json in Resources */ = {isa = PBXBuildFile; fileRef = BDA6E95C24C6E63E00285E4D /* Translate.json */; };
		BDA6E95F24C6E6AB00285E4D /* Weather.json in Resources */ = {isa = PBXBuildFile; fileRef = BDA6E95E24C6E6AB00285E4D /* Weather.json */; };
		BDA6E96124C6E6E100285E4D /* FakeResponseData.swift in Sources */ = {isa = PBXBuildFile; fileRef = BDA6E96024C6E6E100285E4D /* FakeResponseData.swift */; };
		BDA6E96324C6F00E00285E4D /* URLSessionFake.swift in Sources */ = {isa = PBXBuildFile; fileRef = BDA6E96224C6F00E00285E4D /* URLSessionFake.swift */; };
		BDA6E96524C83EEC00285E4D /* ExchangeServiceTestCase.swift in Sources */ = {isa = PBXBuildFile; fileRef = BDA6E96424C83EEC00285E4D /* ExchangeServiceTestCase.swift */; };
		BDA6E96724C83EFE00285E4D /* TranslateServiceTestCase.swift in Sources */ = {isa = PBXBuildFile; fileRef = BDA6E96624C83EFE00285E4D /* TranslateServiceTestCase.swift */; };
		BDA6E96924C83F0D00285E4D /* WeatherServiceTestCase.swift in Sources */ = {isa = PBXBuildFile; fileRef = BDA6E96824C83F0D00285E4D /* WeatherServiceTestCase.swift */; };
		BDA6E96E24C97DC500285E4D /* TranslateJSON.swift in Sources */ = {isa = PBXBuildFile; fileRef = BDA6E96D24C97DC500285E4D /* TranslateJSON.swift */; };
		BDBF481F24D1665F0042731E /* SettingService.swift in Sources */ = {isa = PBXBuildFile; fileRef = BDBF481E24D1665F0042731E /* SettingService.swift */; };
		BDBF482124D16FD40042731E /* Protocol.swift in Sources */ = {isa = PBXBuildFile; fileRef = BDBF482024D16FD40042731E /* Protocol.swift */; };
		BDD855D024D4370C0059AF36 /* Exchange.swift in Sources */ = {isa = PBXBuildFile; fileRef = BDD855CF24D4370C0059AF36 /* Exchange.swift */; };
		BDD855D224D43F7A0059AF36 /* Weather.swift in Sources */ = {isa = PBXBuildFile; fileRef = BDD855D124D43F7A0059AF36 /* Weather.swift */; };
		BDD855D624D451F00059AF36 /* TableViewExtension.swift in Sources */ = {isa = PBXBuildFile; fileRef = BDD855D524D451F00059AF36 /* TableViewExtension.swift */; };
		BDD855D824D4523A0059AF36 /* SearchBarExtension.swift in Sources */ = {isa = PBXBuildFile; fileRef = BDD855D724D4523A0059AF36 /* SearchBarExtension.swift */; };
		BDD95B5B239948610000B84D /* ExchangeViewController.swift in Sources */ = {isa = PBXBuildFile; fileRef = BDD95B5A239948610000B84D /* ExchangeViewController.swift */; };
		BDD95B5D239948770000B84D /* TranslateViewController.swift in Sources */ = {isa = PBXBuildFile; fileRef = BDD95B5C239948770000B84D /* TranslateViewController.swift */; };
		BDD95B5F239948870000B84D /* WeatherViewController.swift in Sources */ = {isa = PBXBuildFile; fileRef = BDD95B5E239948870000B84D /* WeatherViewController.swift */; };
		BDF3B81F242E121500CF81A4 /* ExchangeService.swift in Sources */ = {isa = PBXBuildFile; fileRef = BDF3B81E242E121500CF81A4 /* ExchangeService.swift */; };
/* End PBXBuildFile section */

/* Begin PBXContainerItemProxy section */
		BD5992D02399104C00AF11CC /* PBXContainerItemProxy */ = {
			isa = PBXContainerItemProxy;
			containerPortal = BD5992A423990A4E00AF11CC /* Project object */;
			proxyType = 1;
			remoteGlobalIDString = BD5992AB23990A4E00AF11CC;
			remoteInfo = Backpack;
		};
/* End PBXContainerItemProxy section */

/* Begin PBXFileReference section */
		BD0B9A5E24A640AE001EF636 /* TranslateService.swift */ = {isa = PBXFileReference; lastKnownFileType = sourcecode.swift; path = TranslateService.swift; sourceTree = "<group>"; };
		BD0DB6CF24991DF200AFE491 /* WeatherService.swift */ = {isa = PBXFileReference; lastKnownFileType = sourcecode.swift; path = WeatherService.swift; sourceTree = "<group>"; };
		BD0DB6D1249A04F300AFE491 /* WeatherJSON.swift */ = {isa = PBXFileReference; lastKnownFileType = sourcecode.swift; path = WeatherJSON.swift; sourceTree = "<group>"; };
		BD0DB6D5249BB83600AFE491 /* ApiKey.swift */ = {isa = PBXFileReference; lastKnownFileType = sourcecode.swift; path = ApiKey.swift; sourceTree = "<group>"; };
		BD3388BD24DAA3420068FF40 /* Readme.md */ = {isa = PBXFileReference; lastKnownFileType = net.daringfireball.markdown; path = Readme.md; sourceTree = "<group>"; };
		BD36467824C9A883006C3E97 /* City.swift */ = {isa = PBXFileReference; lastKnownFileType = sourcecode.swift; path = City.swift; sourceTree = "<group>"; };
		BD5533A924A9ED2700D2BACD /* ExchangeJSON.swift */ = {isa = PBXFileReference; lastKnownFileType = sourcecode.swift; path = ExchangeJSON.swift; sourceTree = "<group>"; };
		BD56917824A0B53500898699 /* UIViewExtension.swift */ = {isa = PBXFileReference; lastKnownFileType = sourcecode.swift; path = UIViewExtension.swift; sourceTree = "<group>"; };
		BD56917A24A0B9EE00898699 /* Constantes.swift */ = {isa = PBXFileReference; lastKnownFileType = sourcecode.swift; path = Constantes.swift; sourceTree = "<group>"; };
		BD56917C24A213F200898699 /* CityListViewController.swift */ = {isa = PBXFileReference; lastKnownFileType = sourcecode.swift; path = CityListViewController.swift; sourceTree = "<group>"; };
		BD56918024A34D9400898699 /* city.list.json */ = {isa = PBXFileReference; fileEncoding = 4; lastKnownFileType = text.json; path = city.list.json; sourceTree = "<group>"; };
		BD5992AC23990A4E00AF11CC /* Backpack.app */ = {isa = PBXFileReference; explicitFileType = wrapper.application; includeInIndex = 0; path = Backpack.app; sourceTree = BUILT_PRODUCTS_DIR; };
		BD5992AF23990A4E00AF11CC /* AppDelegate.swift */ = {isa = PBXFileReference; lastKnownFileType = sourcecode.swift; path = AppDelegate.swift; sourceTree = "<group>"; };
		BD5992B123990A4E00AF11CC /* SceneDelegate.swift */ = {isa = PBXFileReference; lastKnownFileType = sourcecode.swift; path = SceneDelegate.swift; sourceTree = "<group>"; };
		BD5992B623990A4E00AF11CC /* Base */ = {isa = PBXFileReference; lastKnownFileType = file.storyboard; name = Base; path = Base.lproj/Main.storyboard; sourceTree = "<group>"; };
		BD5992B823990A5100AF11CC /* Assets.xcassets */ = {isa = PBXFileReference; lastKnownFileType = folder.assetcatalog; path = Assets.xcassets; sourceTree = "<group>"; };
		BD5992BB23990A5100AF11CC /* Base */ = {isa = PBXFileReference; lastKnownFileType = file.storyboard; name = Base; path = Base.lproj/LaunchScreen.storyboard; sourceTree = "<group>"; };
		BD5992BD23990A5100AF11CC /* Info.plist */ = {isa = PBXFileReference; lastKnownFileType = text.plist.xml; path = Info.plist; sourceTree = "<group>"; };
		BD5992CB2399104C00AF11CC /* BackpackTests.xctest */ = {isa = PBXFileReference; explicitFileType = wrapper.cfbundle; includeInIndex = 0; path = BackpackTests.xctest; sourceTree = BUILT_PRODUCTS_DIR; };
		BD5992CF2399104C00AF11CC /* Info.plist */ = {isa = PBXFileReference; lastKnownFileType = text.plist.xml; path = Info.plist; sourceTree = "<group>"; };
		BD5992D62399148300AF11CC /* Base */ = {isa = PBXFileReference; lastKnownFileType = file.storyboard; name = Base; path = Base.lproj/Exchange.storyboard; sourceTree = "<group>"; };
		BD5992D8239914A500AF11CC /* Translate.storyboard */ = {isa = PBXFileReference; fileEncoding = 4; lastKnownFileType = file.storyboard; path = Translate.storyboard; sourceTree = SOURCE_ROOT; };
		BD5992DB239914B800AF11CC /* Base */ = {isa = PBXFileReference; lastKnownFileType = file.storyboard; name = Base; path = Base.lproj/Weather.storyboard; sourceTree = "<group>"; };
		BD937D2324AB450F0016AC8B /* Alert.swift */ = {isa = PBXFileReference; lastKnownFileType = sourcecode.swift; path = Alert.swift; sourceTree = "<group>"; };
		BD937D2724AB4B050016AC8B /* MessageError.swift */ = {isa = PBXFileReference; lastKnownFileType = sourcecode.swift; path = MessageError.swift; sourceTree = "<group>"; };
		BD937D2924AB4F560016AC8B /* TextFieldExtension.swift */ = {isa = PBXFileReference; lastKnownFileType = sourcecode.swift; path = TextFieldExtension.swift; sourceTree = "<group>"; };
		BD937D2B24AB94C90016AC8B /* TextViewExtension.swift */ = {isa = PBXFileReference; lastKnownFileType = sourcecode.swift; path = TextViewExtension.swift; sourceTree = "<group>"; };
		BDA6E95A24C6E51600285E4D /* Exchange.json */ = {isa = PBXFileReference; lastKnownFileType = text.json; path = Exchange.json; sourceTree = "<group>"; };
		BDA6E95C24C6E63E00285E4D /* Translate.json */ = {isa = PBXFileReference; lastKnownFileType = text.json; path = Translate.json; sourceTree = "<group>"; };
		BDA6E95E24C6E6AB00285E4D /* Weather.json */ = {isa = PBXFileReference; lastKnownFileType = text.json; path = Weather.json; sourceTree = "<group>"; };
		BDA6E96024C6E6E100285E4D /* FakeResponseData.swift */ = {isa = PBXFileReference; lastKnownFileType = sourcecode.swift; path = FakeResponseData.swift; sourceTree = "<group>"; };
		BDA6E96224C6F00E00285E4D /* URLSessionFake.swift */ = {isa = PBXFileReference; lastKnownFileType = sourcecode.swift; path = URLSessionFake.swift; sourceTree = "<group>"; };
		BDA6E96424C83EEC00285E4D /* ExchangeServiceTestCase.swift */ = {isa = PBXFileReference; lastKnownFileType = sourcecode.swift; path = ExchangeServiceTestCase.swift; sourceTree = "<group>"; };
		BDA6E96624C83EFE00285E4D /* TranslateServiceTestCase.swift */ = {isa = PBXFileReference; lastKnownFileType = sourcecode.swift; path = TranslateServiceTestCase.swift; sourceTree = "<group>"; };
		BDA6E96824C83F0D00285E4D /* WeatherServiceTestCase.swift */ = {isa = PBXFileReference; lastKnownFileType = sourcecode.swift; path = WeatherServiceTestCase.swift; sourceTree = "<group>"; };
		BDA6E96D24C97DC500285E4D /* TranslateJSON.swift */ = {isa = PBXFileReference; lastKnownFileType = sourcecode.swift; path = TranslateJSON.swift; sourceTree = "<group>"; };
		BDBF481E24D1665F0042731E /* SettingService.swift */ = {isa = PBXFileReference; lastKnownFileType = sourcecode.swift; path = SettingService.swift; sourceTree = "<group>"; };
		BDBF482024D16FD40042731E /* Protocol.swift */ = {isa = PBXFileReference; lastKnownFileType = sourcecode.swift; path = Protocol.swift; sourceTree = "<group>"; };
		BDD855CF24D4370C0059AF36 /* Exchange.swift */ = {isa = PBXFileReference; lastKnownFileType = sourcecode.swift; path = Exchange.swift; sourceTree = "<group>"; };
		BDD855D124D43F7A0059AF36 /* Weather.swift */ = {isa = PBXFileReference; lastKnownFileType = sourcecode.swift; path = Weather.swift; sourceTree = "<group>"; };
		BDD855D524D451F00059AF36 /* TableViewExtension.swift */ = {isa = PBXFileReference; lastKnownFileType = sourcecode.swift; path = TableViewExtension.swift; sourceTree = "<group>"; };
		BDD855D724D4523A0059AF36 /* SearchBarExtension.swift */ = {isa = PBXFileReference; lastKnownFileType = sourcecode.swift; path = SearchBarExtension.swift; sourceTree = "<group>"; };
		BDD95B5A239948610000B84D /* ExchangeViewController.swift */ = {isa = PBXFileReference; lastKnownFileType = sourcecode.swift; path = ExchangeViewController.swift; sourceTree = "<group>"; };
		BDD95B5C239948770000B84D /* TranslateViewController.swift */ = {isa = PBXFileReference; lastKnownFileType = sourcecode.swift; path = TranslateViewController.swift; sourceTree = "<group>"; };
		BDD95B5E239948870000B84D /* WeatherViewController.swift */ = {isa = PBXFileReference; lastKnownFileType = sourcecode.swift; path = WeatherViewController.swift; sourceTree = "<group>"; };
		BDF3B81E242E121500CF81A4 /* ExchangeService.swift */ = {isa = PBXFileReference; lastKnownFileType = sourcecode.swift; path = ExchangeService.swift; sourceTree = "<group>"; };
/* End PBXFileReference section */

/* Begin PBXFrameworksBuildPhase section */
		BD5992A923990A4E00AF11CC /* Frameworks */ = {
			isa = PBXFrameworksBuildPhase;
			buildActionMask = 2147483647;
			files = (
			);
			runOnlyForDeploymentPostprocessing = 0;
		};
		BD5992C82399104C00AF11CC /* Frameworks */ = {
			isa = PBXFrameworksBuildPhase;
			buildActionMask = 2147483647;
			files = (
			);
			runOnlyForDeploymentPostprocessing = 0;
		};
/* End PBXFrameworksBuildPhase section */

/* Begin PBXGroup section */
		BD0B9A5A24A4BDA5001EF636 /* Weather */ = {
			isa = PBXGroup;
			children = (
				BD0DB6D1249A04F300AFE491 /* WeatherJSON.swift */,
				BD0DB6CF24991DF200AFE491 /* WeatherService.swift */,
				BDD855D124D43F7A0059AF36 /* Weather.swift */,
				BD36467824C9A883006C3E97 /* City.swift */,
			);
			path = Weather;
			sourceTree = "<group>";
		};
		BD56918224A3511B00898699 /* Weather */ = {
			isa = PBXGroup;
			children = (
				BDD95B5E239948870000B84D /* WeatherViewController.swift */,
				BD56917C24A213F200898699 /* CityListViewController.swift */,
				BDD855D524D451F00059AF36 /* TableViewExtension.swift */,
				BDD855D724D4523A0059AF36 /* SearchBarExtension.swift */,
			);
			path = Weather;
			sourceTree = "<group>";
		};
		BD56918524A3541000898699 /* Translate */ = {
			isa = PBXGroup;
			children = (
				BDD95B5C239948770000B84D /* TranslateViewController.swift */,
				BD937D2B24AB94C90016AC8B /* TextViewExtension.swift */,
			);
			path = Translate;
			sourceTree = "<group>";
		};
		BD56918624A3541300898699 /* Exchange */ = {
			isa = PBXGroup;
			children = (
				BDD95B5A239948610000B84D /* ExchangeViewController.swift */,
				BD937D2924AB4F560016AC8B /* TextFieldExtension.swift */,
			);
			path = Exchange;
			sourceTree = "<group>";
		};
		BD5992A323990A4E00AF11CC = {
			isa = PBXGroup;
			children = (
				BD3388BD24DAA3420068FF40 /* Readme.md */,
				BD5992AE23990A4E00AF11CC /* Backpack */,
				BD5992CC2399104C00AF11CC /* BackpackTests */,
				BD5992AD23990A4E00AF11CC /* Products */,
			);
			sourceTree = "<group>";
		};
		BD5992AD23990A4E00AF11CC /* Products */ = {
			isa = PBXGroup;
			children = (
				BD5992AC23990A4E00AF11CC /* Backpack.app */,
				BD5992CB2399104C00AF11CC /* BackpackTests.xctest */,
			);
			name = Products;
			sourceTree = "<group>";
		};
		BD5992AE23990A4E00AF11CC /* Backpack */ = {
			isa = PBXGroup;
			children = (
				BD5992C623990A8F00AF11CC /* Supporting FIles */,
				BD5992C323990A7F00AF11CC /* Model */,
				BD5992C423990A8400AF11CC /* View */,
				BD5992C523990A8900AF11CC /* Controller */,
			);
			path = Backpack;
			sourceTree = "<group>";
		};
		BD5992C323990A7F00AF11CC /* Model */ = {
			isa = PBXGroup;
			children = (
				BD8BE624242E578E00B20970 /* Exchange */,
				BD0B9A5A24A4BDA5001EF636 /* Weather */,
				BDA6E96D24C97DC500285E4D /* TranslateJSON.swift */,
				BD0B9A5E24A640AE001EF636 /* TranslateService.swift */,
				BD937D2324AB450F0016AC8B /* Alert.swift */,
				BD937D2724AB4B050016AC8B /* MessageError.swift */,
				BDBF481E24D1665F0042731E /* SettingService.swift */,
				BDBF482024D16FD40042731E /* Protocol.swift */,
			);
			path = Model;
			sourceTree = "<group>";
		};
		BD5992C423990A8400AF11CC /* View */ = {
			isa = PBXGroup;
			children = (
				BD5992D52399148300AF11CC /* Exchange.storyboard */,
				BD5992D8239914A500AF11CC /* Translate.storyboard */,
				BD5992DA239914B800AF11CC /* Weather.storyboard */,
				BD5992B523990A4E00AF11CC /* Main.storyboard */,
				BD56917824A0B53500898699 /* UIViewExtension.swift */,
			);
			path = View;
			sourceTree = "<group>";
		};
		BD5992C523990A8900AF11CC /* Controller */ = {
			isa = PBXGroup;
			children = (
				BD56918624A3541300898699 /* Exchange */,
				BD56918524A3541000898699 /* Translate */,
				BD56918224A3511B00898699 /* Weather */,
			);
			path = Controller;
			sourceTree = "<group>";
		};
		BD5992C623990A8F00AF11CC /* Supporting FIles */ = {
			isa = PBXGroup;
			children = (
				BD5992B823990A5100AF11CC /* Assets.xcassets */,
				BD5992BA23990A5100AF11CC /* LaunchScreen.storyboard */,
				BD5992AF23990A4E00AF11CC /* AppDelegate.swift */,
				BD5992B123990A4E00AF11CC /* SceneDelegate.swift */,
				BD5992BD23990A5100AF11CC /* Info.plist */,
				BD56917A24A0B9EE00898699 /* Constantes.swift */,
				BD0DB6D5249BB83600AFE491 /* ApiKey.swift */,
				BD56918024A34D9400898699 /* city.list.json */,
			);
			path = "Supporting FIles";
			sourceTree = "<group>";
		};
		BD5992CC2399104C00AF11CC /* BackpackTests */ = {
			isa = PBXGroup;
			children = (
				BDA6E96A24C9785100285E4D /* ExchangeTests */,
				BDA6E96B24C9786500285E4D /* TranslateTests */,
				BDA6E96C24C9786F00285E4D /* WeatherTests */,
				BDA6E96024C6E6E100285E4D /* FakeResponseData.swift */,
				BDA6E96224C6F00E00285E4D /* URLSessionFake.swift */,
				BD5992CF2399104C00AF11CC /* Info.plist */,
			);
			path = BackpackTests;
			sourceTree = "<group>";
		};
		BD8BE624242E578E00B20970 /* Exchange */ = {
			isa = PBXGroup;
			children = (
				BD5533A924A9ED2700D2BACD /* ExchangeJSON.swift */,
				BDF3B81E242E121500CF81A4 /* ExchangeService.swift */,
				BDD855CF24D4370C0059AF36 /* Exchange.swift */,
			);
			path = Exchange;
			sourceTree = "<group>";
		};
		BDA6E96A24C9785100285E4D /* ExchangeTests */ = {
			isa = PBXGroup;
			children = (
				BDA6E95A24C6E51600285E4D /* Exchange.json */,
				BDA6E96424C83EEC00285E4D /* ExchangeServiceTestCase.swift */,
			);
			path = ExchangeTests;
			sourceTree = "<group>";
		};
		BDA6E96B24C9786500285E4D /* TranslateTests */ = {
			isa = PBXGroup;
			children = (
				BDA6E96624C83EFE00285E4D /* TranslateServiceTestCase.swift */,
				BDA6E95C24C6E63E00285E4D /* Translate.json */,
			);
			path = TranslateTests;
			sourceTree = "<group>";
		};
		BDA6E96C24C9786F00285E4D /* WeatherTests */ = {
			isa = PBXGroup;
			children = (
				BDA6E96824C83F0D00285E4D /* WeatherServiceTestCase.swift */,
				BDA6E95E24C6E6AB00285E4D /* Weather.json */,
			);
			path = WeatherTests;
			sourceTree = "<group>";
		};
/* End PBXGroup section */

/* Begin PBXNativeTarget section */
		BD5992AB23990A4E00AF11CC /* Backpack */ = {
			isa = PBXNativeTarget;
			buildConfigurationList = BD5992C023990A5100AF11CC /* Build configuration list for PBXNativeTarget "Backpack" */;
			buildPhases = (
				BD5992A823990A4E00AF11CC /* Sources */,
				BD5992A923990A4E00AF11CC /* Frameworks */,
				BD5992AA23990A4E00AF11CC /* Resources */,
			);
			buildRules = (
			);
			dependencies = (
			);
			name = Backpack;
			productName = Backpack;
			productReference = BD5992AC23990A4E00AF11CC /* Backpack.app */;
			productType = "com.apple.product-type.application";
		};
		BD5992CA2399104C00AF11CC /* BackpackTests */ = {
			isa = PBXNativeTarget;
			buildConfigurationList = BD5992D22399104C00AF11CC /* Build configuration list for PBXNativeTarget "BackpackTests" */;
			buildPhases = (
				BD5992C72399104C00AF11CC /* Sources */,
				BD5992C82399104C00AF11CC /* Frameworks */,
				BD5992C92399104C00AF11CC /* Resources */,
			);
			buildRules = (
			);
			dependencies = (
				BD5992D12399104C00AF11CC /* PBXTargetDependency */,
			);
			name = BackpackTests;
			productName = BackpackTests;
			productReference = BD5992CB2399104C00AF11CC /* BackpackTests.xctest */;
			productType = "com.apple.product-type.bundle.unit-test";
		};
/* End PBXNativeTarget section */

/* Begin PBXProject section */
		BD5992A423990A4E00AF11CC /* Project object */ = {
			isa = PBXProject;
			attributes = {
				LastSwiftUpdateCheck = 1120;
				LastUpgradeCheck = 1120;
				ORGANIZATIONNAME = "Caroline Zaini";
				TargetAttributes = {
					BD5992AB23990A4E00AF11CC = {
						CreatedOnToolsVersion = 11.2.1;
					};
					BD5992CA2399104C00AF11CC = {
						CreatedOnToolsVersion = 11.2.1;
						TestTargetID = BD5992AB23990A4E00AF11CC;
					};
				};
			};
			buildConfigurationList = BD5992A723990A4E00AF11CC /* Build configuration list for PBXProject "Backpack" */;
			compatibilityVersion = "Xcode 9.3";
			developmentRegion = en;
			hasScannedForEncodings = 0;
			knownRegions = (
				en,
				Base,
			);
			mainGroup = BD5992A323990A4E00AF11CC;
			productRefGroup = BD5992AD23990A4E00AF11CC /* Products */;
			projectDirPath = "";
			projectRoot = "";
			targets = (
				BD5992AB23990A4E00AF11CC /* Backpack */,
				BD5992CA2399104C00AF11CC /* BackpackTests */,
			);
		};
/* End PBXProject section */

/* Begin PBXResourcesBuildPhase section */
		BD5992AA23990A4E00AF11CC /* Resources */ = {
			isa = PBXResourcesBuildPhase;
			buildActionMask = 2147483647;
			files = (
				BD5992BC23990A5100AF11CC /* LaunchScreen.storyboard in Resources */,
				BD5992DC239914B800AF11CC /* Weather.storyboard in Resources */,
				BD5992D72399148300AF11CC /* Exchange.storyboard in Resources */,
				BD5992D9239914A500AF11CC /* Translate.storyboard in Resources */,
				BD5992B923990A5100AF11CC /* Assets.xcassets in Resources */,
				BD56918124A34D9500898699 /* city.list.json in Resources */,
				BD3388BE24DAA3420068FF40 /* Readme.md in Resources */,
				BD5992B723990A4E00AF11CC /* Main.storyboard in Resources */,
			);
			runOnlyForDeploymentPostprocessing = 0;
		};
		BD5992C92399104C00AF11CC /* Resources */ = {
			isa = PBXResourcesBuildPhase;
			buildActionMask = 2147483647;
			files = (
				BDA6E95D24C6E63E00285E4D /* Translate.json in Resources */,
				BDA6E95F24C6E6AB00285E4D /* Weather.json in Resources */,
				BDA6E95B24C6E51600285E4D /* Exchange.json in Resources */,
			);
			runOnlyForDeploymentPostprocessing = 0;
		};
/* End PBXResourcesBuildPhase section */

/* Begin PBXSourcesBuildPhase section */
		BD5992A823990A4E00AF11CC /* Sources */ = {
			isa = PBXSourcesBuildPhase;
			buildActionMask = 2147483647;
			files = (
				BD0DB6D024991DF200AFE491 /* WeatherService.swift in Sources */,
				BD5992B023990A4E00AF11CC /* AppDelegate.swift in Sources */,
				BDD855D224D43F7A0059AF36 /* Weather.swift in Sources */,
				BDD95B5F239948870000B84D /* WeatherViewController.swift in Sources */,
				BDD855D624D451F00059AF36 /* TableViewExtension.swift in Sources */,
				BD36467924C9A883006C3E97 /* City.swift in Sources */,
				BD5533AA24A9ED2700D2BACD /* ExchangeJSON.swift in Sources */,
				BD937D2A24AB4F560016AC8B /* TextFieldExtension.swift in Sources */,
				BDA6E96E24C97DC500285E4D /* TranslateJSON.swift in Sources */,
				BD937D2424AB45100016AC8B /* Alert.swift in Sources */,
				BD0B9A5F24A640AE001EF636 /* TranslateService.swift in Sources */,
				BDD95B5D239948770000B84D /* TranslateViewController.swift in Sources */,
				BDBF482124D16FD40042731E /* Protocol.swift in Sources */,
				BD0DB6D6249BB83600AFE491 /* ApiKey.swift in Sources */,
				BD0DB6D2249A04F300AFE491 /* WeatherJSON.swift in Sources */,
				BDD855D824D4523A0059AF36 /* SearchBarExtension.swift in Sources */,
				BD937D2C24AB94C90016AC8B /* TextViewExtension.swift in Sources */,
				BD56917924A0B53500898699 /* UIViewExtension.swift in Sources */,
				BD56917D24A213F300898699 /* CityListViewController.swift in Sources */,
				BD56917B24A0B9EE00898699 /* Constantes.swift in Sources */,
				BDD95B5B239948610000B84D /* ExchangeViewController.swift in Sources */,
				BDF3B81F242E121500CF81A4 /* ExchangeService.swift in Sources */,
				BDD855D024D4370C0059AF36 /* Exchange.swift in Sources */,
				BD937D2824AB4B050016AC8B /* MessageError.swift in Sources */,
				BD5992B223990A4E00AF11CC /* SceneDelegate.swift in Sources */,
				BDBF481F24D1665F0042731E /* SettingService.swift in Sources */,
			);
			runOnlyForDeploymentPostprocessing = 0;
		};
		BD5992C72399104C00AF11CC /* Sources */ = {
			isa = PBXSourcesBuildPhase;
			buildActionMask = 2147483647;
			files = (
				BDA6E96924C83F0D00285E4D /* WeatherServiceTestCase.swift in Sources */,
				BDA6E96524C83EEC00285E4D /* ExchangeServiceTestCase.swift in Sources */,
				BDA6E96724C83EFE00285E4D /* TranslateServiceTestCase.swift in Sources */,
				BDA6E96324C6F00E00285E4D /* URLSessionFake.swift in Sources */,
				BDA6E96124C6E6E100285E4D /* FakeResponseData.swift in Sources */,
			);
			runOnlyForDeploymentPostprocessing = 0;
		};
/* End PBXSourcesBuildPhase section */

/* Begin PBXTargetDependency section */
		BD5992D12399104C00AF11CC /* PBXTargetDependency */ = {
			isa = PBXTargetDependency;
			target = BD5992AB23990A4E00AF11CC /* Backpack */;
			targetProxy = BD5992D02399104C00AF11CC /* PBXContainerItemProxy */;
		};
/* End PBXTargetDependency section */

/* Begin PBXVariantGroup section */
		BD5992B523990A4E00AF11CC /* Main.storyboard */ = {
			isa = PBXVariantGroup;
			children = (
				BD5992B623990A4E00AF11CC /* Base */,
			);
			name = Main.storyboard;
			sourceTree = "<group>";
		};
		BD5992BA23990A5100AF11CC /* LaunchScreen.storyboard */ = {
			isa = PBXVariantGroup;
			children = (
				BD5992BB23990A5100AF11CC /* Base */,
			);
			name = LaunchScreen.storyboard;
			sourceTree = "<group>";
		};
		BD5992D52399148300AF11CC /* Exchange.storyboard */ = {
			isa = PBXVariantGroup;
			children = (
				BD5992D62399148300AF11CC /* Base */,
			);
			name = Exchange.storyboard;
			sourceTree = "<group>";
		};
		BD5992DA239914B800AF11CC /* Weather.storyboard */ = {
			isa = PBXVariantGroup;
			children = (
				BD5992DB239914B800AF11CC /* Base */,
			);
			name = Weather.storyboard;
			sourceTree = "<group>";
		};
/* End PBXVariantGroup section */

/* Begin XCBuildConfiguration section */
		BD5992BE23990A5100AF11CC /* Debug */ = {
			isa = XCBuildConfiguration;
			buildSettings = {
				ALWAYS_SEARCH_USER_PATHS = NO;
				CLANG_ANALYZER_NONNULL = YES;
				CLANG_ANALYZER_NUMBER_OBJECT_CONVERSION = YES_AGGRESSIVE;
				CLANG_CXX_LANGUAGE_STANDARD = "gnu++14";
				CLANG_CXX_LIBRARY = "libc++";
				CLANG_ENABLE_MODULES = YES;
				CLANG_ENABLE_OBJC_ARC = YES;
				CLANG_ENABLE_OBJC_WEAK = YES;
				CLANG_WARN_BLOCK_CAPTURE_AUTORELEASING = YES;
				CLANG_WARN_BOOL_CONVERSION = YES;
				CLANG_WARN_COMMA = YES;
				CLANG_WARN_CONSTANT_CONVERSION = YES;
				CLANG_WARN_DEPRECATED_OBJC_IMPLEMENTATIONS = YES;
				CLANG_WARN_DIRECT_OBJC_ISA_USAGE = YES_ERROR;
				CLANG_WARN_DOCUMENTATION_COMMENTS = YES;
				CLANG_WARN_EMPTY_BODY = YES;
				CLANG_WARN_ENUM_CONVERSION = YES;
				CLANG_WARN_INFINITE_RECURSION = YES;
				CLANG_WARN_INT_CONVERSION = YES;
				CLANG_WARN_NON_LITERAL_NULL_CONVERSION = YES;
				CLANG_WARN_OBJC_IMPLICIT_RETAIN_SELF = YES;
				CLANG_WARN_OBJC_LITERAL_CONVERSION = YES;
				CLANG_WARN_OBJC_ROOT_CLASS = YES_ERROR;
				CLANG_WARN_RANGE_LOOP_ANALYSIS = YES;
				CLANG_WARN_STRICT_PROTOTYPES = YES;
				CLANG_WARN_SUSPICIOUS_MOVE = YES;
				CLANG_WARN_UNGUARDED_AVAILABILITY = YES_AGGRESSIVE;
				CLANG_WARN_UNREACHABLE_CODE = YES;
				CLANG_WARN__DUPLICATE_METHOD_MATCH = YES;
				COPY_PHASE_STRIP = NO;
				DEBUG_INFORMATION_FORMAT = dwarf;
				ENABLE_STRICT_OBJC_MSGSEND = YES;
				ENABLE_TESTABILITY = YES;
				GCC_C_LANGUAGE_STANDARD = gnu11;
				GCC_DYNAMIC_NO_PIC = NO;
				GCC_NO_COMMON_BLOCKS = YES;
				GCC_OPTIMIZATION_LEVEL = 0;
				GCC_PREPROCESSOR_DEFINITIONS = (
					"DEBUG=1",
					"$(inherited)",
				);
				GCC_WARN_64_TO_32_BIT_CONVERSION = YES;
				GCC_WARN_ABOUT_RETURN_TYPE = YES_ERROR;
				GCC_WARN_UNDECLARED_SELECTOR = YES;
				GCC_WARN_UNINITIALIZED_AUTOS = YES_AGGRESSIVE;
				GCC_WARN_UNUSED_FUNCTION = YES;
				GCC_WARN_UNUSED_VARIABLE = YES;
				IPHONEOS_DEPLOYMENT_TARGET = 13.2;
				MTL_ENABLE_DEBUG_INFO = INCLUDE_SOURCE;
				MTL_FAST_MATH = YES;
				ONLY_ACTIVE_ARCH = YES;
				SDKROOT = iphoneos;
				SWIFT_ACTIVE_COMPILATION_CONDITIONS = DEBUG;
				SWIFT_OPTIMIZATION_LEVEL = "-Onone";
			};
			name = Debug;
		};
		BD5992BF23990A5100AF11CC /* Release */ = {
			isa = XCBuildConfiguration;
			buildSettings = {
				ALWAYS_SEARCH_USER_PATHS = NO;
				CLANG_ANALYZER_NONNULL = YES;
				CLANG_ANALYZER_NUMBER_OBJECT_CONVERSION = YES_AGGRESSIVE;
				CLANG_CXX_LANGUAGE_STANDARD = "gnu++14";
				CLANG_CXX_LIBRARY = "libc++";
				CLANG_ENABLE_MODULES = YES;
				CLANG_ENABLE_OBJC_ARC = YES;
				CLANG_ENABLE_OBJC_WEAK = YES;
				CLANG_WARN_BLOCK_CAPTURE_AUTORELEASING = YES;
				CLANG_WARN_BOOL_CONVERSION = YES;
				CLANG_WARN_COMMA = YES;
				CLANG_WARN_CONSTANT_CONVERSION = YES;
				CLANG_WARN_DEPRECATED_OBJC_IMPLEMENTATIONS = YES;
				CLANG_WARN_DIRECT_OBJC_ISA_USAGE = YES_ERROR;
				CLANG_WARN_DOCUMENTATION_COMMENTS = YES;
				CLANG_WARN_EMPTY_BODY = YES;
				CLANG_WARN_ENUM_CONVERSION = YES;
				CLANG_WARN_INFINITE_RECURSION = YES;
				CLANG_WARN_INT_CONVERSION = YES;
				CLANG_WARN_NON_LITERAL_NULL_CONVERSION = YES;
				CLANG_WARN_OBJC_IMPLICIT_RETAIN_SELF = YES;
				CLANG_WARN_OBJC_LITERAL_CONVERSION = YES;
				CLANG_WARN_OBJC_ROOT_CLASS = YES_ERROR;
				CLANG_WARN_RANGE_LOOP_ANALYSIS = YES;
				CLANG_WARN_STRICT_PROTOTYPES = YES;
				CLANG_WARN_SUSPICIOUS_MOVE = YES;
				CLANG_WARN_UNGUARDED_AVAILABILITY = YES_AGGRESSIVE;
				CLANG_WARN_UNREACHABLE_CODE = YES;
				CLANG_WARN__DUPLICATE_METHOD_MATCH = YES;
				COPY_PHASE_STRIP = NO;
				DEBUG_INFORMATION_FORMAT = "dwarf-with-dsym";
				ENABLE_NS_ASSERTIONS = NO;
				ENABLE_STRICT_OBJC_MSGSEND = YES;
				GCC_C_LANGUAGE_STANDARD = gnu11;
				GCC_NO_COMMON_BLOCKS = YES;
				GCC_WARN_64_TO_32_BIT_CONVERSION = YES;
				GCC_WARN_ABOUT_RETURN_TYPE = YES_ERROR;
				GCC_WARN_UNDECLARED_SELECTOR = YES;
				GCC_WARN_UNINITIALIZED_AUTOS = YES_AGGRESSIVE;
				GCC_WARN_UNUSED_FUNCTION = YES;
				GCC_WARN_UNUSED_VARIABLE = YES;
				IPHONEOS_DEPLOYMENT_TARGET = 13.2;
				MTL_ENABLE_DEBUG_INFO = NO;
				MTL_FAST_MATH = YES;
				SDKROOT = iphoneos;
				SWIFT_COMPILATION_MODE = wholemodule;
				SWIFT_OPTIMIZATION_LEVEL = "-O";
				VALIDATE_PRODUCT = YES;
			};
			name = Release;
		};
		BD5992C123990A5100AF11CC /* Debug */ = {
			isa = XCBuildConfiguration;
			buildSettings = {
				ASSETCATALOG_COMPILER_APPICON_NAME = AppIcon;
				CODE_SIGN_STYLE = Automatic;
				DEVELOPMENT_TEAM = UDQ9NTHH3T;
				INFOPLIST_FILE = "$(SRCROOT)/Backpack/Supporting FIles/Info.plist";
				LD_RUNPATH_SEARCH_PATHS = (
					"$(inherited)",
					"@executable_path/Frameworks",
				);
				PRODUCT_BUNDLE_IDENTIFIER = fr.carolinezaini.Backpack;
				PRODUCT_NAME = "$(TARGET_NAME)";
				SWIFT_VERSION = 5.0;
				TARGETED_DEVICE_FAMILY = "1,2";
			};
			name = Debug;
		};
		BD5992C223990A5100AF11CC /* Release */ = {
			isa = XCBuildConfiguration;
			buildSettings = {
				ASSETCATALOG_COMPILER_APPICON_NAME = AppIcon;
				CODE_SIGN_STYLE = Automatic;
				DEVELOPMENT_TEAM = UDQ9NTHH3T;
				INFOPLIST_FILE = "$(SRCROOT)/Backpack/Supporting FIles/Info.plist";
				LD_RUNPATH_SEARCH_PATHS = (
					"$(inherited)",
					"@executable_path/Frameworks",
				);
				PRODUCT_BUNDLE_IDENTIFIER = fr.carolinezaini.Backpack;
				PRODUCT_NAME = "$(TARGET_NAME)";
				SWIFT_VERSION = 5.0;
				TARGETED_DEVICE_FAMILY = "1,2";
			};
			name = Release;
		};
		BD5992D32399104C00AF11CC /* Debug */ = {
			isa = XCBuildConfiguration;
			buildSettings = {
				BUNDLE_LOADER = "$(TEST_HOST)";
				CODE_SIGN_STYLE = Automatic;
				INFOPLIST_FILE = BackpackTests/Info.plist;
				LD_RUNPATH_SEARCH_PATHS = (
					"$(inherited)",
					"@executable_path/Frameworks",
					"@loader_path/Frameworks",
				);
				PRODUCT_BUNDLE_IDENTIFIER = fr.carolinezaini.BackpackTests;
				PRODUCT_NAME = "$(TARGET_NAME)";
				SWIFT_VERSION = 5.0;
				TARGETED_DEVICE_FAMILY = "1,2";
				TEST_HOST = "$(BUILT_PRODUCTS_DIR)/Backpack.app/Backpack";
			};
			name = Debug;
		};
		BD5992D42399104C00AF11CC /* Release */ = {
			isa = XCBuildConfiguration;
			buildSettings = {
				BUNDLE_LOADER = "$(TEST_HOST)";
				CODE_SIGN_STYLE = Automatic;
				INFOPLIST_FILE = BackpackTests/Info.plist;
				LD_RUNPATH_SEARCH_PATHS = (
					"$(inherited)",
					"@executable_path/Frameworks",
					"@loader_path/Frameworks",
				);
				PRODUCT_BUNDLE_IDENTIFIER = fr.carolinezaini.BackpackTests;
				PRODUCT_NAME = "$(TARGET_NAME)";
				SWIFT_VERSION = 5.0;
				TARGETED_DEVICE_FAMILY = "1,2";
				TEST_HOST = "$(BUILT_PRODUCTS_DIR)/Backpack.app/Backpack";
			};
			name = Release;
		};
/* End XCBuildConfiguration section */

/* Begin XCConfigurationList section */
		BD5992A723990A4E00AF11CC /* Build configuration list for PBXProject "Backpack" */ = {
			isa = XCConfigurationList;
			buildConfigurations = (
				BD5992BE23990A5100AF11CC /* Debug */,
				BD5992BF23990A5100AF11CC /* Release */,
			);
			defaultConfigurationIsVisible = 0;
			defaultConfigurationName = Release;
		};
		BD5992C023990A5100AF11CC /* Build configuration list for PBXNativeTarget "Backpack" */ = {
			isa = XCConfigurationList;
			buildConfigurations = (
				BD5992C123990A5100AF11CC /* Debug */,
				BD5992C223990A5100AF11CC /* Release */,
			);
			defaultConfigurationIsVisible = 0;
			defaultConfigurationName = Release;
		};
		BD5992D22399104C00AF11CC /* Build configuration list for PBXNativeTarget "BackpackTests" */ = {
			isa = XCConfigurationList;
			buildConfigurations = (
				BD5992D32399104C00AF11CC /* Debug */,
				BD5992D42399104C00AF11CC /* Release */,
			);
			defaultConfigurationIsVisible = 0;
			defaultConfigurationName = Release;
		};
/* End XCConfigurationList section */
	};
	rootObject = BD5992A423990A4E00AF11CC /* Project object */;
}
